
Microsoft Visual Studio Solution File, Format Version 12.00
# Visual Studio Version 16
VisualStudioVersion = 16.0.31321.278
MinimumVisualStudioVersion = 10.0.40219.1
Project("{FAE04EC0-301F-11D3-BF4B-00C04F79EFBC}") = "AwesomeBankingApp.Api", "AwesomeBankingApp.Api\AwesomeBankingApp.Api.csproj", "{703E0767-5323-43BE-970C-2BEF399BC09F}"
EndProject
Global
	GlobalSection(SolutionConfigurationPlatforms) = preSolution
		Debug|Any CPU = Debug|Any CPU
		Release|Any CPU = Release|Any CPU
	EndGlobalSection
	GlobalSection(ProjectConfigurationPlatforms) = postSolution
		{703E0767-5323-43BE-970C-2BEF399BC09F}.Debug|Any CPU.ActiveCfg = Debug|Any CPU
		{703E0767-5323-43BE-970C-2BEF399BC09F}.Debug|Any CPU.Build.0 = Debug|Any CPU
		{703E0767-5323-43BE-970C-2BEF399BC09F}.Release|Any CPU.ActiveCfg = Release|Any CPU
		{703E0767-5323-43BE-970C-2BEF399BC09F}.Release|Any CPU.Build.0 = Release|Any CPU
	EndGlobalSection
	GlobalSection(SolutionProperties) = preSolution
		HideSolutionNode = FALSE
	EndGlobalSection
	GlobalSection(ExtensibilityGlobals) = postSolution
		SolutionGuid = {06DD9DDF-8CF9-4917-B05B-1E493BDF2BF6}
	EndGlobalSection
EndGlobal
